
Microsoft Visual Studio Solution File, Format Version 12.00
# Visual Studio Version 16
VisualStudioVersion = 16.0.30002.166
MinimumVisualStudioVersion = 10.0.40219.1
Project("{FAE04EC0-301F-11D3-BF4B-00C04F79EFBC}") = "Mazen_1845967_IE322", "Mazen_1845967_IE322\Mazen_1845967_IE322.csproj", "{6043C0B8-EDAC-4D9C-962F-42096A660B9E}"
EndProject
Global
	GlobalSection(SolutionConfigurationPlatforms) = preSolution
		Debug|Any CPU = Debug|Any CPU
		Release|Any CPU = Release|Any CPU
	EndGlobalSection
	GlobalSection(ProjectConfigurationPlatforms) = postSolution
		{6043C0B8-EDAC-4D9C-962F-42096A660B9E}.Debug|Any CPU.ActiveCfg = Debug|Any CPU
		{6043C0B8-EDAC-4D9C-962F-42096A660B9E}.Debug|Any CPU.Build.0 = Debug|Any CPU
		{6043C0B8-EDAC-4D9C-962F-42096A660B9E}.Release|Any CPU.ActiveCfg = Release|Any CPU
		{6043C0B8-EDAC-4D9C-962F-42096A660B9E}.Release|Any CPU.Build.0 = Release|Any CPU
	EndGlobalSection
	GlobalSection(SolutionProperties) = preSolution
		HideSolutionNode = FALSE
	EndGlobalSection
	GlobalSection(ExtensibilityGlobals) = postSolution
		SolutionGuid = {343D213C-3758-4BF8-BE81-4DDFF0026D65}
	EndGlobalSection
EndGlobal
